
Microsoft Visual Studio Solution File, Format Version 12.00
# Visual Studio Version 17
VisualStudioVersion = 17.9.34701.34
MinimumVisualStudioVersion = 10.0.40219.1
Project("{9A19103F-16F7-4668-BE54-9A1E7A4F7556}") = "The first task", "The first task\The first task.csproj", "{94ABAD6C-160F-4337-A510-ABB6C701C053}"
EndProject
Project("{FAE04EC0-301F-11D3-BF4B-00C04F79EFBC}") = "The second task", "The second task\The second task.csproj", "{55984824-DE96-40F0-A8D7-06B96B17F7E1}"
EndProject
Global
	GlobalSection(SolutionConfigurationPlatforms) = preSolution
		Debug|Any CPU = Debug|Any CPU
		Release|Any CPU = Release|Any CPU
	EndGlobalSection
	GlobalSection(ProjectConfigurationPlatforms) = postSolution
		{94ABAD6C-160F-4337-A510-ABB6C701C053}.Debug|Any CPU.ActiveCfg = Debug|Any CPU
		{94ABAD6C-160F-4337-A510-ABB6C701C053}.Debug|Any CPU.Build.0 = Debug|Any CPU
		{94ABAD6C-160F-4337-A510-ABB6C701C053}.Release|Any CPU.ActiveCfg = Release|Any CPU
		{94ABAD6C-160F-4337-A510-ABB6C701C053}.Release|Any CPU.Build.0 = Release|Any CPU
		{55984824-DE96-40F0-A8D7-06B96B17F7E1}.Debug|Any CPU.ActiveCfg = Debug|Any CPU
		{55984824-DE96-40F0-A8D7-06B96B17F7E1}.Debug|Any CPU.Build.0 = Debug|Any CPU
		{55984824-DE96-40F0-A8D7-06B96B17F7E1}.Release|Any CPU.ActiveCfg = Release|Any CPU
		{55984824-DE96-40F0-A8D7-06B96B17F7E1}.Release|Any CPU.Build.0 = Release|Any CPU
	EndGlobalSection
	GlobalSection(SolutionProperties) = preSolution
		HideSolutionNode = FALSE
	EndGlobalSection
	GlobalSection(ExtensibilityGlobals) = postSolution
		SolutionGuid = {AF6EB578-0449-4F8C-B23E-A6EC62C3BED4}
	EndGlobalSection
EndGlobal
